
Microsoft Visual Studio Solution File, Format Version 12.00
# Visual Studio 14
VisualStudioVersion = 14.0.25420.1
MinimumVisualStudioVersion = 10.0.40219.1
Project("{E24C65DC-7377-472B-9ABA-BC803B73C61A}") = "SlideShow", "..\..\WebSites\SlideShow\", "{B018736F-FBF2-4B37-BAC2-189DC179EF35}"
	ProjectSection(WebsiteProperties) = preProject
		TargetFrameworkMoniker = ".NETFramework,Version%3Dv4.5.2"
		Debug.AspNetCompiler.VirtualPath = "/localhost_54413"
		Debug.AspNetCompiler.PhysicalPath = "..\..\WebSites\SlideShow\"
		Debug.AspNetCompiler.TargetPath = "PrecompiledWeb\localhost_54413\"
		Debug.AspNetCompiler.Updateable = "true"
		Debug.AspNetCompiler.ForceOverwrite = "true"
		Debug.AspNetCompiler.FixedNames = "false"
		Debug.AspNetCompiler.Debug = "True"
		Release.AspNetCompiler.VirtualPath = "/localhost_54413"
		Release.AspNetCompiler.PhysicalPath = "..\..\WebSites\SlideShow\"
		Release.AspNetCompiler.TargetPath = "PrecompiledWeb\localhost_54413\"
		Release.AspNetCompiler.Updateable = "true"
		Release.AspNetCompiler.ForceOverwrite = "true"
		Release.AspNetCompiler.FixedNames = "false"
		Release.AspNetCompiler.Debug = "False"
		VWDPort = "54413"
		SlnRelativePath = "..\..\WebSites\SlideShow\"
		DefaultWebSiteLanguage = "Visual C#"
	EndProjectSection
EndProject
Global
	GlobalSection(SolutionConfigurationPlatforms) = preSolution
		Debug|Any CPU = Debug|Any CPU
	EndGlobalSection
	GlobalSection(ProjectConfigurationPlatforms) = postSolution
		{B018736F-FBF2-4B37-BAC2-189DC179EF35}.Debug|Any CPU.ActiveCfg = Debug|Any CPU
		{B018736F-FBF2-4B37-BAC2-189DC179EF35}.Debug|Any CPU.Build.0 = Debug|Any CPU
	EndGlobalSection
	GlobalSection(SolutionProperties) = preSolution
		HideSolutionNode = FALSE
	EndGlobalSection
EndGlobal
